
Microsoft Visual Studio Solution File, Format Version 12.00
# Visual Studio Version 17
VisualStudioVersion = 17.13.35931.197 d17.13
MinimumVisualStudioVersion = 10.0.40219.1
Project("{FAE04EC0-301F-11D3-BF4B-00C04F79EFBC}") = "AionMoneyCounter", "AionMoneyCounter.csproj", "{014C5419-FD59-47DC-8265-0285A7B06D55}"
EndProject
Global
	GlobalSection(SolutionConfigurationPlatforms) = preSolution
		Debug|Any CPU = Debug|Any CPU
		Debug|x64 = Debug|x64
		Release|Any CPU = Release|Any CPU
		Release|x64 = Release|x64
	EndGlobalSection
	GlobalSection(ProjectConfigurationPlatforms) = postSolution
		{014C5419-FD59-47DC-8265-0285A7B06D55}.Debug|Any CPU.ActiveCfg = Release|Any CPU
		{014C5419-FD59-47DC-8265-0285A7B06D55}.Debug|Any CPU.Build.0 = Release|Any CPU
		{014C5419-FD59-47DC-8265-0285A7B06D55}.Debug|x64.ActiveCfg = Release|x64
		{014C5419-FD59-47DC-8265-0285A7B06D55}.Debug|x64.Build.0 = Release|x64
		{014C5419-FD59-47DC-8265-0285A7B06D55}.Release|Any CPU.ActiveCfg = Release|Any CPU
		{014C5419-FD59-47DC-8265-0285A7B06D55}.Release|Any CPU.Build.0 = Release|Any CPU
		{014C5419-FD59-47DC-8265-0285A7B06D55}.Release|x64.ActiveCfg = Release|x64
		{014C5419-FD59-47DC-8265-0285A7B06D55}.Release|x64.Build.0 = Release|x64
	EndGlobalSection
	GlobalSection(SolutionProperties) = preSolution
		HideSolutionNode = FALSE
	EndGlobalSection
	GlobalSection(ExtensibilityGlobals) = postSolution
		SolutionGuid = {63F98FAE-E848-41A0-B9A8-AFF2353A5C92}
	EndGlobalSection
EndGlobal
